{
  "name": "woodchucker",
  "version": "1.0.0",
  "lockfileVersion": 1,
  "requires": true,
  "dependencies": {
    "en-inflectors": {
      "version": "1.0.12",
      "resolved": "https://registry.npmjs.org/en-inflectors/-/en-inflectors-1.0.12.tgz",
      "integrity": "sha1-/TNHdmCKAhy0ICFX8g1Sq5NK94o=",
      "requires": {
        "en-stemmer": "1.0.3"
      }
    },
    "en-stemmer": {
      "version": "1.0.3",
      "resolved": "https://registry.npmjs.org/en-stemmer/-/en-stemmer-1.0.3.tgz",
      "integrity": "sha1-LSL7XbkAWojW/FgCazioMci8fBk="
    },
    "hyphenation.en-us": {
      "version": "0.2.1",
      "resolved": "https://registry.npmjs.org/hyphenation.en-us/-/hyphenation.en-us-0.2.1.tgz",
      "integrity": "sha1-a5NzI/9A2kdOy4wH6ut51q4o/tg=",
      "requires": {
        "hypher": "0.2.5"
      }
    },
    "hypher": {
      "version": "0.2.5",
      "resolved": "https://registry.npmjs.org/hypher/-/hypher-0.2.5.tgz",
      "integrity": "sha1-L+RW7So/1O0NnkKGFxgcWfmm3QI="
    },
    "indefinite-article": {
      "version": "0.0.2",
      "resolved": "https://registry.npmjs.org/indefinite-article/-/indefinite-article-0.0.2.tgz",
      "integrity": "sha1-S8hVJXBmz6th6mi+unXRANbiUGs="
    }
  }
}
